
Microsoft Visual Studio Solution File, Format Version 12.00
# Visual Studio Version 17
VisualStudioVersion = 17.0.32014.148
MinimumVisualStudioVersion = 10.0.40219.1
Project("{FAE04EC0-301F-11D3-BF4B-00C04F79EFBC}") = "CRUD", "CRUD.csproj", "{BCA8D4F8-E19D-4E89-9B6A-1197B26F48EB}"
EndProject
Global
	GlobalSection(SolutionConfigurationPlatforms) = preSolution
		Debug|Any CPU = Debug|Any CPU
		Release|Any CPU = Release|Any CPU
	EndGlobalSection
	GlobalSection(ProjectConfigurationPlatforms) = postSolution
		{BCA8D4F8-E19D-4E89-9B6A-1197B26F48EB}.Debug|Any CPU.ActiveCfg = Debug|Any CPU
		{BCA8D4F8-E19D-4E89-9B6A-1197B26F48EB}.Debug|Any CPU.Build.0 = Debug|Any CPU
		{BCA8D4F8-E19D-4E89-9B6A-1197B26F48EB}.Release|Any CPU.ActiveCfg = Release|Any CPU
		{BCA8D4F8-E19D-4E89-9B6A-1197B26F48EB}.Release|Any CPU.Build.0 = Release|Any CPU
	EndGlobalSection
	GlobalSection(SolutionProperties) = preSolution
		HideSolutionNode = FALSE
	EndGlobalSection
	GlobalSection(ExtensibilityGlobals) = postSolution
		SolutionGuid = {970F3D76-7FB5-43C9-8B20-7084BB8AE7CE}
	EndGlobalSection
EndGlobal
